Microsoft Visual Studio Solution File, Format Version 12.00
# Visual Studio 16
Project("{2150E333-8FDC-42A3-9474-1A3956D46DE8}") = "CMakePredefinedTargets", "CMakePredefinedTargets", "{E8AA63A8-EF19-3162-B448-1F148E2874DA}"
EndProject
Project("{2150E333-8FDC-42A3-9474-1A3956D46DE8}") = "CTestDashboardTargets", "CTestDashboardTargets", "{95784629-8C09-3423-BFCD-9160467B2531}"
EndProject
Project("{2150E333-8FDC-42A3-9474-1A3956D46DE8}") = "test_tools", "test_tools", "{6DBE7A41-9961-3CF5-A275-1BFAC3F9C4C5}"
EndProject
Project("{8BC9CEB8-8B4A-11D0-8D11-00A0C91BC942}") = "ALL_BUILD", "ALL_BUILD.vcxproj", "{727491B9-2050-3F64-94C7-3BDEB1C32414}"
	ProjectSection(ProjectDependencies) = postProject
		{90412AC4-D6C4-3AE6-8B66-9651A055ED04} = {90412AC4-D6C4-3AE6-8B66-9651A055ED04}
		{B26BB200-DFAD-3083-B941-04FB85387418} = {B26BB200-DFAD-3083-B941-04FB85387418}
		{FB03E265-EB31-3710-90A8-B0C775B91D01} = {FB03E265-EB31-3710-90A8-B0C775B91D01}
		{7E9F7E2A-5BBB-3766-9C98-6D839C6AE6C0} = {7E9F7E2A-5BBB-3766-9C98-6D839C6AE6C0}
		{1C99D65F-FE21-3539-A5B0-029E7A645010} = {1C99D65F-FE21-3539-A5B0-029E7A645010}
		{EFF703E9-5048-3EB4-A578-1AE6945D8E1D} = {EFF703E9-5048-3EB4-A578-1AE6945D8E1D}
		{EFF10BEA-F207-3B82-AA80-67F7F71628FC} = {EFF10BEA-F207-3B82-AA80-67F7F71628FC}
		{0EA4F7AF-79BE-3A2B-A14C-E255980F85CC} = {0EA4F7AF-79BE-3A2B-A14C-E255980F85CC}
		{2CAB5142-F479-3BFD-9013-71383F8C91C3} = {2CAB5142-F479-3BFD-9013-71383F8C91C3}
		{A71B61F0-D69E-39D4-9303-F42A641E3069} = {A71B61F0-D69E-39D4-9303-F42A641E3069}
		{F5C0CA62-A639-3B84-B54A-4DBE5EE90E0C} = {F5C0CA62-A639-3B84-B54A-4DBE5EE90E0C}
		{B88E1D24-9624-362D-92A9-1E5999DA6785} = {B88E1D24-9624-362D-92A9-1E5999DA6785}
		{9ECA46DB-3A38-39C1-A4B3-B1208CB837F3} = {9ECA46DB-3A38-39C1-A4B3-B1208CB837F3}
		{473C9F4E-3CA2-37EA-A674-B4E542D240A8} = {473C9F4E-3CA2-37EA-A674-B4E542D240A8}
		{B71035C3-41D0-338B-BEF9-3F7F113FF9AC} = {B71035C3-41D0-338B-BEF9-3F7F113FF9AC}
		{C018F551-4F43-353E-B5BA-02229D6D8AF8} = {C018F551-4F43-353E-B5BA-02229D6D8AF8}
		{AD574BB2-532C-3C96-ACA6-FB90F3028AD1} = {AD574BB2-532C-3C96-ACA6-FB90F3028AD1}
		{6DD310ED-BAF2-3446-9C59-59688B2B070E} = {6DD310ED-BAF2-3446-9C59-59688B2B070E}
		{DEB0C049-FD4E-3922-9977-B97F6C947AFF} = {DEB0C049-FD4E-3922-9977-B97F6C947AFF}
		{6BC33442-DD07-3F52-A84B-0551C15BE0FA} = {6BC33442-DD07-3F52-A84B-0551C15BE0FA}
		{D06E10D3-C0E0-37B6-A656-AD6FA8F53A73} = {D06E10D3-C0E0-37B6-A656-AD6FA8F53A73}
		{95E35AF0-ADE5-3178-91F5-7C1337C55B2D} = {95E35AF0-ADE5-3178-91F5-7C1337C55B2D}
		{8DDBA790-9BF5-3C9C-972B-FBFF2CA1F825} = {8DDBA790-9BF5-3C9C-972B-FBFF2CA1F825}
		{8507EEB1-85F1-36D5-AFE2-5B9A5ACAF905} = {8507EEB1-85F1-36D5-AFE2-5B9A5ACAF905}
		{5FE30B86-2B3D-34F0-B62B-0B6DF66A19AA} = {5FE30B86-2B3D-34F0-B62B-0B6DF66A19AA}
		{16B0EE0F-1C0D-3417-9C53-815E08532C0E} = {16B0EE0F-1C0D-3417-9C53-815E08532C0E}
		{6824078D-21FC-3ECB-A242-48FC10740104} = {6824078D-21FC-3ECB-A242-48FC10740104}
		{D932112D-C57F-3C04-BF88-BE0B12033E79} = {D932112D-C57F-3C04-BF88-BE0B12033E79}
	EndProjectSection
EndProject
Project("{8BC9CEB8-8B4A-11D0-8D11-00A0C91BC942}") = "Continuous", "Continuous.vcxproj", "{F3D4C510-EFBA-3A93-BBD7-CECF7C6BEF2D}"
	ProjectSection(ProjectDependencies) = postProject
		{B26BB200-DFAD-3083-B941-04FB85387418} = {B26BB200-DFAD-3083-B941-04FB85387418}
	EndProjectSection
EndProject
Project("{8BC9CEB8-8B4A-11D0-8D11-00A0C91BC942}") = "Experimental", "Experimental.vcxproj", "{BAC8785B-946D-3513-8DAE-5959C7D9A578}"
	ProjectSection(ProjectDependencies) = postProject
		{B26BB200-DFAD-3083-B941-04FB85387418} = {B26BB200-DFAD-3083-B941-04FB85387418}
	EndProjectSection
EndProject
Project("{8BC9CEB8-8B4A-11D0-8D11-00A0C91BC942}") = "INSTALL", "INSTALL.vcxproj", "{5010CB3C-DBE5-32F6-928F-40053D61E088}"
	ProjectSection(ProjectDependencies) = postProject
		{727491B9-2050-3F64-94C7-3BDEB1C32414} = {727491B9-2050-3F64-94C7-3BDEB1C32414}
		{B26BB200-DFAD-3083-B941-04FB85387418} = {B26BB200-DFAD-3083-B941-04FB85387418}
	EndProjectSection
EndProject
Project("{8BC9CEB8-8B4A-11D0-8D11-00A0C91BC942}") = "Nightly", "Nightly.vcxproj", "{9E5B52BE-D023-3616-BC12-DA3230847B2E}"
	ProjectSection(ProjectDependencies) = postProject
		{B26BB200-DFAD-3083-B941-04FB85387418} = {B26BB200-DFAD-3083-B941-04FB85387418}
	EndProjectSection
EndProject
Project("{8BC9CEB8-8B4A-11D0-8D11-00A0C91BC942}") = "NightlyMemoryCheck", "NightlyMemoryCheck.vcxproj", "{4318230D-F945-3AF3-9CC1-5D8B521ED59C}"
	ProjectSection(ProjectDependencies) = postProject
		{B26BB200-DFAD-3083-B941-04FB85387418} = {B26BB200-DFAD-3083-B941-04FB85387418}
	EndProjectSection
EndProject
Project("{8BC9CEB8-8B4A-11D0-8D11-00A0C91BC942}") = "RUN_TESTS", "RUN_TESTS.vcxproj", "{0F0D695A-2E50-32BE-B6F3-F25C3EE7C089}"
	ProjectSection(ProjectDependencies) = postProject
		{B26BB200-DFAD-3083-B941-04FB85387418} = {B26BB200-DFAD-3083-B941-04FB85387418}
	EndProjectSection
EndProject
Project("{8BC9CEB8-8B4A-11D0-8D11-00A0C91BC942}") = "UTX_3117-CS", "UTX_3117-CS\UTX_3117-CS.vcxproj", "{90412AC4-D6C4-3AE6-8B66-9651A055ED04}"
	ProjectSection(ProjectDependencies) = postProject
		{B26BB200-DFAD-3083-B941-04FB85387418} = {B26BB200-DFAD-3083-B941-04FB85387418}
		{FB03E265-EB31-3710-90A8-B0C775B91D01} = {FB03E265-EB31-3710-90A8-B0C775B91D01}
		{7E9F7E2A-5BBB-3766-9C98-6D839C6AE6C0} = {7E9F7E2A-5BBB-3766-9C98-6D839C6AE6C0}
		{1C99D65F-FE21-3539-A5B0-029E7A645010} = {1C99D65F-FE21-3539-A5B0-029E7A645010}
		{EFF703E9-5048-3EB4-A578-1AE6945D8E1D} = {EFF703E9-5048-3EB4-A578-1AE6945D8E1D}
		{EFF10BEA-F207-3B82-AA80-67F7F71628FC} = {EFF10BEA-F207-3B82-AA80-67F7F71628FC}
		{0EA4F7AF-79BE-3A2B-A14C-E255980F85CC} = {0EA4F7AF-79BE-3A2B-A14C-E255980F85CC}
		{2CAB5142-F479-3BFD-9013-71383F8C91C3} = {2CAB5142-F479-3BFD-9013-71383F8C91C3}
		{A71B61F0-D69E-39D4-9303-F42A641E3069} = {A71B61F0-D69E-39D4-9303-F42A641E3069}
		{F5C0CA62-A639-3B84-B54A-4DBE5EE90E0C} = {F5C0CA62-A639-3B84-B54A-4DBE5EE90E0C}
		{9ECA46DB-3A38-39C1-A4B3-B1208CB837F3} = {9ECA46DB-3A38-39C1-A4B3-B1208CB837F3}
		{473C9F4E-3CA2-37EA-A674-B4E542D240A8} = {473C9F4E-3CA2-37EA-A674-B4E542D240A8}
		{AD574BB2-532C-3C96-ACA6-FB90F3028AD1} = {AD574BB2-532C-3C96-ACA6-FB90F3028AD1}
		{D932112D-C57F-3C04-BF88-BE0B12033E79} = {D932112D-C57F-3C04-BF88-BE0B12033E79}
		{C922364B-A8F6-3E38-A163-748A0E21AAD3} = {C922364B-A8F6-3E38-A163-748A0E21AAD3}
	EndProjectSection
EndProject
Project("{8BC9CEB8-8B4A-11D0-8D11-00A0C91BC942}") = "ZERO_CHECK", "ZERO_CHECK.vcxproj", "{B26BB200-DFAD-3083-B941-04FB85387418}"
	ProjectSection(ProjectDependencies) = postProject
	EndProjectSection
EndProject
Project("{8BC9CEB8-8B4A-11D0-8D11-00A0C91BC942}") = "aziotsharedutil", "c-utility\aziotsharedutil.vcxproj", "{FB03E265-EB31-3710-90A8-B0C775B91D01}"
	ProjectSection(ProjectDependencies) = postProject
		{B26BB200-DFAD-3083-B941-04FB85387418} = {B26BB200-DFAD-3083-B941-04FB85387418}
	EndProjectSection
EndProject
Project("{8BC9CEB8-8B4A-11D0-8D11-00A0C91BC942}") = "digitaltwin_client", "digitaltwin_client\digitaltwin_client.vcxproj", "{7E9F7E2A-5BBB-3766-9C98-6D839C6AE6C0}"
	ProjectSection(ProjectDependencies) = postProject
		{B26BB200-DFAD-3083-B941-04FB85387418} = {B26BB200-DFAD-3083-B941-04FB85387418}
		{FB03E265-EB31-3710-90A8-B0C775B91D01} = {FB03E265-EB31-3710-90A8-B0C775B91D01}
		{473C9F4E-3CA2-37EA-A674-B4E542D240A8} = {473C9F4E-3CA2-37EA-A674-B4E542D240A8}
	EndProjectSection
EndProject
Project("{8BC9CEB8-8B4A-11D0-8D11-00A0C91BC942}") = "hsm_security_client", "provisioning_client\hsm_security_client.vcxproj", "{1C99D65F-FE21-3539-A5B0-029E7A645010}"
	ProjectSection(ProjectDependencies) = postProject
		{B26BB200-DFAD-3083-B941-04FB85387418} = {B26BB200-DFAD-3083-B941-04FB85387418}
		{FB03E265-EB31-3710-90A8-B0C775B91D01} = {FB03E265-EB31-3710-90A8-B0C775B91D01}
		{9ECA46DB-3A38-39C1-A4B3-B1208CB837F3} = {9ECA46DB-3A38-39C1-A4B3-B1208CB837F3}
		{C922364B-A8F6-3E38-A163-748A0E21AAD3} = {C922364B-A8F6-3E38-A163-748A0E21AAD3}
	EndProjectSection
EndProject
Project("{8BC9CEB8-8B4A-11D0-8D11-00A0C91BC942}") = "iothub_client", "iothub_client\iothub_client.vcxproj", "{EFF703E9-5048-3EB4-A578-1AE6945D8E1D}"
	ProjectSection(ProjectDependencies) = postProject
		{B26BB200-DFAD-3083-B941-04FB85387418} = {B26BB200-DFAD-3083-B941-04FB85387418}
		{FB03E265-EB31-3710-90A8-B0C775B91D01} = {FB03E265-EB31-3710-90A8-B0C775B91D01}
		{1C99D65F-FE21-3539-A5B0-029E7A645010} = {1C99D65F-FE21-3539-A5B0-029E7A645010}
		{EFF10BEA-F207-3B82-AA80-67F7F71628FC} = {EFF10BEA-F207-3B82-AA80-67F7F71628FC}
		{0EA4F7AF-79BE-3A2B-A14C-E255980F85CC} = {0EA4F7AF-79BE-3A2B-A14C-E255980F85CC}
		{2CAB5142-F479-3BFD-9013-71383F8C91C3} = {2CAB5142-F479-3BFD-9013-71383F8C91C3}
		{A71B61F0-D69E-39D4-9303-F42A641E3069} = {A71B61F0-D69E-39D4-9303-F42A641E3069}
		{F5C0CA62-A639-3B84-B54A-4DBE5EE90E0C} = {F5C0CA62-A639-3B84-B54A-4DBE5EE90E0C}
		{9ECA46DB-3A38-39C1-A4B3-B1208CB837F3} = {9ECA46DB-3A38-39C1-A4B3-B1208CB837F3}
		{473C9F4E-3CA2-37EA-A674-B4E542D240A8} = {473C9F4E-3CA2-37EA-A674-B4E542D240A8}
		{AD574BB2-532C-3C96-ACA6-FB90F3028AD1} = {AD574BB2-532C-3C96-ACA6-FB90F3028AD1}
		{D932112D-C57F-3C04-BF88-BE0B12033E79} = {D932112D-C57F-3C04-BF88-BE0B12033E79}
		{C922364B-A8F6-3E38-A163-748A0E21AAD3} = {C922364B-A8F6-3E38-A163-748A0E21AAD3}
	EndProjectSection
EndProject
Project("{8BC9CEB8-8B4A-11D0-8D11-00A0C91BC942}") = "iothub_client_amqp_transport", "iothub_client\iothub_client_amqp_transport.vcxproj", "{EFF10BEA-F207-3B82-AA80-67F7F71628FC}"
	ProjectSection(ProjectDependencies) = postProject
		{B26BB200-DFAD-3083-B941-04FB85387418} = {B26BB200-DFAD-3083-B941-04FB85387418}
		{FB03E265-EB31-3710-90A8-B0C775B91D01} = {FB03E265-EB31-3710-90A8-B0C775B91D01}
	EndProjectSection
EndProject
Project("{8BC9CEB8-8B4A-11D0-8D11-00A0C91BC942}") = "iothub_client_amqp_ws_transport", "iothub_client\iothub_client_amqp_ws_transport.vcxproj", "{0EA4F7AF-79BE-3A2B-A14C-E255980F85CC}"
	ProjectSection(ProjectDependencies) = postProject
		{B26BB200-DFAD-3083-B941-04FB85387418} = {B26BB200-DFAD-3083-B941-04FB85387418}
		{FB03E265-EB31-3710-90A8-B0C775B91D01} = {FB03E265-EB31-3710-90A8-B0C775B91D01}
	EndProjectSection
EndProject
Project("{8BC9CEB8-8B4A-11D0-8D11-00A0C91BC942}") = "iothub_client_http_transport", "iothub_client\iothub_client_http_transport.vcxproj", "{2CAB5142-F479-3BFD-9013-71383F8C91C3}"
	ProjectSection(ProjectDependencies) = postProject
		{B26BB200-DFAD-3083-B941-04FB85387418} = {B26BB200-DFAD-3083-B941-04FB85387418}
		{FB03E265-EB31-3710-90A8-B0C775B91D01} = {FB03E265-EB31-3710-90A8-B0C775B91D01}
	EndProjectSection
EndProject
Project("{8BC9CEB8-8B4A-11D0-8D11-00A0C91BC942}") = "iothub_client_mqtt_transport", "iothub_client\iothub_client_mqtt_transport.vcxproj", "{A71B61F0-D69E-39D4-9303-F42A641E3069}"
	ProjectSection(ProjectDependencies) = postProject
		{B26BB200-DFAD-3083-B941-04FB85387418} = {B26BB200-DFAD-3083-B941-04FB85387418}
		{FB03E265-EB31-3710-90A8-B0C775B91D01} = {FB03E265-EB31-3710-90A8-B0C775B91D01}
		{D932112D-C57F-3C04-BF88-BE0B12033E79} = {D932112D-C57F-3C04-BF88-BE0B12033E79}
	EndProjectSection
EndProject
Project("{8BC9CEB8-8B4A-11D0-8D11-00A0C91BC942}") = "iothub_client_mqtt_ws_transport", "iothub_client\iothub_client_mqtt_ws_transport.vcxproj", "{F5C0CA62-A639-3B84-B54A-4DBE5EE90E0C}"
	ProjectSection(ProjectDependencies) = postProject
		{B26BB200-DFAD-3083-B941-04FB85387418} = {B26BB200-DFAD-3083-B941-04FB85387418}
		{FB03E265-EB31-3710-90A8-B0C775B91D01} = {FB03E265-EB31-3710-90A8-B0C775B91D01}
		{D932112D-C57F-3C04-BF88-BE0B12033E79} = {D932112D-C57F-3C04-BF88-BE0B12033E79}
	EndProjectSection
EndProject
Project("{8BC9CEB8-8B4A-11D0-8D11-00A0C91BC942}") = "iothub_service_client", "iothub_service_client\iothub_service_client.vcxproj", "{B88E1D24-9624-362D-92A9-1E5999DA6785}"
	ProjectSection(ProjectDependencies) = postProject
		{B26BB200-DFAD-3083-B941-04FB85387418} = {B26BB200-DFAD-3083-B941-04FB85387418}
		{FB03E265-EB31-3710-90A8-B0C775B91D01} = {FB03E265-EB31-3710-90A8-B0C775B91D01}
		{473C9F4E-3CA2-37EA-A674-B4E542D240A8} = {473C9F4E-3CA2-37EA-A674-B4E542D240A8}
		{5FE30B86-2B3D-34F0-B62B-0B6DF66A19AA} = {5FE30B86-2B3D-34F0-B62B-0B6DF66A19AA}
	EndProjectSection
EndProject
Project("{8BC9CEB8-8B4A-11D0-8D11-00A0C91BC942}") = "msr_riot", "provisioning_client\deps\msr_riot.vcxproj", "{9ECA46DB-3A38-39C1-A4B3-B1208CB837F3}"
	ProjectSection(ProjectDependencies) = postProject
		{B26BB200-DFAD-3083-B941-04FB85387418} = {B26BB200-DFAD-3083-B941-04FB85387418}
	EndProjectSection
EndProject
Project("{8BC9CEB8-8B4A-11D0-8D11-00A0C91BC942}") = "parson", "parson.vcxproj", "{473C9F4E-3CA2-37EA-A674-B4E542D240A8}"
	ProjectSection(ProjectDependencies) = postProject
		{B26BB200-DFAD-3083-B941-04FB85387418} = {B26BB200-DFAD-3083-B941-04FB85387418}
	EndProjectSection
EndProject
Project("{8BC9CEB8-8B4A-11D0-8D11-00A0C91BC942}") = "prov_amqp_transport", "provisioning_client\prov_amqp_transport.vcxproj", "{B71035C3-41D0-338B-BEF9-3F7F113FF9AC}"
	ProjectSection(ProjectDependencies) = postProject
		{B26BB200-DFAD-3083-B941-04FB85387418} = {B26BB200-DFAD-3083-B941-04FB85387418}
		{FB03E265-EB31-3710-90A8-B0C775B91D01} = {FB03E265-EB31-3710-90A8-B0C775B91D01}
		{5FE30B86-2B3D-34F0-B62B-0B6DF66A19AA} = {5FE30B86-2B3D-34F0-B62B-0B6DF66A19AA}
	EndProjectSection
EndProject
Project("{8BC9CEB8-8B4A-11D0-8D11-00A0C91BC942}") = "prov_amqp_ws_transport", "provisioning_client\prov_amqp_ws_transport.vcxproj", "{C018F551-4F43-353E-B5BA-02229D6D8AF8}"
	ProjectSection(ProjectDependencies) = postProject
		{B26BB200-DFAD-3083-B941-04FB85387418} = {B26BB200-DFAD-3083-B941-04FB85387418}
		{FB03E265-EB31-3710-90A8-B0C775B91D01} = {FB03E265-EB31-3710-90A8-B0C775B91D01}
		{5FE30B86-2B3D-34F0-B62B-0B6DF66A19AA} = {5FE30B86-2B3D-34F0-B62B-0B6DF66A19AA}
	EndProjectSection
EndProject
Project("{8BC9CEB8-8B4A-11D0-8D11-00A0C91BC942}") = "prov_auth_client", "provisioning_client\prov_auth_client.vcxproj", "{AD574BB2-532C-3C96-ACA6-FB90F3028AD1}"
	ProjectSection(ProjectDependencies) = postProject
		{B26BB200-DFAD-3083-B941-04FB85387418} = {B26BB200-DFAD-3083-B941-04FB85387418}
		{FB03E265-EB31-3710-90A8-B0C775B91D01} = {FB03E265-EB31-3710-90A8-B0C775B91D01}
		{1C99D65F-FE21-3539-A5B0-029E7A645010} = {1C99D65F-FE21-3539-A5B0-029E7A645010}
		{9ECA46DB-3A38-39C1-A4B3-B1208CB837F3} = {9ECA46DB-3A38-39C1-A4B3-B1208CB837F3}
		{C922364B-A8F6-3E38-A163-748A0E21AAD3} = {C922364B-A8F6-3E38-A163-748A0E21AAD3}
	EndProjectSection
EndProject
Project("{8BC9CEB8-8B4A-11D0-8D11-00A0C91BC942}") = "prov_device_client", "provisioning_client\prov_device_client.vcxproj", "{6DD310ED-BAF2-3446-9C59-59688B2B070E}"
	ProjectSection(ProjectDependencies) = postProject
		{B26BB200-DFAD-3083-B941-04FB85387418} = {B26BB200-DFAD-3083-B941-04FB85387418}
		{FB03E265-EB31-3710-90A8-B0C775B91D01} = {FB03E265-EB31-3710-90A8-B0C775B91D01}
		{1C99D65F-FE21-3539-A5B0-029E7A645010} = {1C99D65F-FE21-3539-A5B0-029E7A645010}
		{9ECA46DB-3A38-39C1-A4B3-B1208CB837F3} = {9ECA46DB-3A38-39C1-A4B3-B1208CB837F3}
		{473C9F4E-3CA2-37EA-A674-B4E542D240A8} = {473C9F4E-3CA2-37EA-A674-B4E542D240A8}
		{AD574BB2-532C-3C96-ACA6-FB90F3028AD1} = {AD574BB2-532C-3C96-ACA6-FB90F3028AD1}
		{DEB0C049-FD4E-3922-9977-B97F6C947AFF} = {DEB0C049-FD4E-3922-9977-B97F6C947AFF}
		{C922364B-A8F6-3E38-A163-748A0E21AAD3} = {C922364B-A8F6-3E38-A163-748A0E21AAD3}
	EndProjectSection
EndProject
Project("{8BC9CEB8-8B4A-11D0-8D11-00A0C91BC942}") = "prov_device_ll_client", "provisioning_client\prov_device_ll_client.vcxproj", "{DEB0C049-FD4E-3922-9977-B97F6C947AFF}"
	ProjectSection(ProjectDependencies) = postProject
		{B26BB200-DFAD-3083-B941-04FB85387418} = {B26BB200-DFAD-3083-B941-04FB85387418}
		{FB03E265-EB31-3710-90A8-B0C775B91D01} = {FB03E265-EB31-3710-90A8-B0C775B91D01}
		{1C99D65F-FE21-3539-A5B0-029E7A645010} = {1C99D65F-FE21-3539-A5B0-029E7A645010}
		{9ECA46DB-3A38-39C1-A4B3-B1208CB837F3} = {9ECA46DB-3A38-39C1-A4B3-B1208CB837F3}
		{473C9F4E-3CA2-37EA-A674-B4E542D240A8} = {473C9F4E-3CA2-37EA-A674-B4E542D240A8}
		{AD574BB2-532C-3C96-ACA6-FB90F3028AD1} = {AD574BB2-532C-3C96-ACA6-FB90F3028AD1}
		{C922364B-A8F6-3E38-A163-748A0E21AAD3} = {C922364B-A8F6-3E38-A163-748A0E21AAD3}
	EndProjectSection
EndProject
Project("{8BC9CEB8-8B4A-11D0-8D11-00A0C91BC942}") = "prov_http_transport", "provisioning_client\prov_http_transport.vcxproj", "{6BC33442-DD07-3F52-A84B-0551C15BE0FA}"
	ProjectSection(ProjectDependencies) = postProject
		{B26BB200-DFAD-3083-B941-04FB85387418} = {B26BB200-DFAD-3083-B941-04FB85387418}
		{FB03E265-EB31-3710-90A8-B0C775B91D01} = {FB03E265-EB31-3710-90A8-B0C775B91D01}
		{16B0EE0F-1C0D-3417-9C53-815E08532C0E} = {16B0EE0F-1C0D-3417-9C53-815E08532C0E}
	EndProjectSection
EndProject
Project("{8BC9CEB8-8B4A-11D0-8D11-00A0C91BC942}") = "prov_mqtt_transport", "provisioning_client\prov_mqtt_transport.vcxproj", "{D06E10D3-C0E0-37B6-A656-AD6FA8F53A73}"
	ProjectSection(ProjectDependencies) = postProject
		{B26BB200-DFAD-3083-B941-04FB85387418} = {B26BB200-DFAD-3083-B941-04FB85387418}
		{FB03E265-EB31-3710-90A8-B0C775B91D01} = {FB03E265-EB31-3710-90A8-B0C775B91D01}
		{D932112D-C57F-3C04-BF88-BE0B12033E79} = {D932112D-C57F-3C04-BF88-BE0B12033E79}
	EndProjectSection
EndProject
Project("{8BC9CEB8-8B4A-11D0-8D11-00A0C91BC942}") = "prov_mqtt_ws_transport", "provisioning_client\prov_mqtt_ws_transport.vcxproj", "{95E35AF0-ADE5-3178-91F5-7C1337C55B2D}"
	ProjectSection(ProjectDependencies) = postProject
		{B26BB200-DFAD-3083-B941-04FB85387418} = {B26BB200-DFAD-3083-B941-04FB85387418}
		{FB03E265-EB31-3710-90A8-B0C775B91D01} = {FB03E265-EB31-3710-90A8-B0C775B91D01}
		{D932112D-C57F-3C04-BF88-BE0B12033E79} = {D932112D-C57F-3C04-BF88-BE0B12033E79}
	EndProjectSection
EndProject
Project("{8BC9CEB8-8B4A-11D0-8D11-00A0C91BC942}") = "provisioning_service_client", "provisioning_service_client\provisioning_service_client.vcxproj", "{8DDBA790-9BF5-3C9C-972B-FBFF2CA1F825}"
	ProjectSection(ProjectDependencies) = postProject
		{B26BB200-DFAD-3083-B941-04FB85387418} = {B26BB200-DFAD-3083-B941-04FB85387418}
		{FB03E265-EB31-3710-90A8-B0C775B91D01} = {FB03E265-EB31-3710-90A8-B0C775B91D01}
		{473C9F4E-3CA2-37EA-A674-B4E542D240A8} = {473C9F4E-3CA2-37EA-A674-B4E542D240A8}
		{16B0EE0F-1C0D-3417-9C53-815E08532C0E} = {16B0EE0F-1C0D-3417-9C53-815E08532C0E}
	EndProjectSection
EndProject
Project("{8BC9CEB8-8B4A-11D0-8D11-00A0C91BC942}") = "serializer", "serializer\serializer.vcxproj", "{8507EEB1-85F1-36D5-AFE2-5B9A5ACAF905}"
	ProjectSection(ProjectDependencies) = postProject
		{B26BB200-DFAD-3083-B941-04FB85387418} = {B26BB200-DFAD-3083-B941-04FB85387418}
		{473C9F4E-3CA2-37EA-A674-B4E542D240A8} = {473C9F4E-3CA2-37EA-A674-B4E542D240A8}
	EndProjectSection
EndProject
Project("{8BC9CEB8-8B4A-11D0-8D11-00A0C91BC942}") = "uamqp", "uamqp\uamqp.vcxproj", "{5FE30B86-2B3D-34F0-B62B-0B6DF66A19AA}"
	ProjectSection(ProjectDependencies) = postProject
		{B26BB200-DFAD-3083-B941-04FB85387418} = {B26BB200-DFAD-3083-B941-04FB85387418}
		{FB03E265-EB31-3710-90A8-B0C775B91D01} = {FB03E265-EB31-3710-90A8-B0C775B91D01}
	EndProjectSection
EndProject
Project("{8BC9CEB8-8B4A-11D0-8D11-00A0C91BC942}") = "uhttp", "deps\uhttp\uhttp.vcxproj", "{16B0EE0F-1C0D-3417-9C53-815E08532C0E}"
	ProjectSection(ProjectDependencies) = postProject
		{B26BB200-DFAD-3083-B941-04FB85387418} = {B26BB200-DFAD-3083-B941-04FB85387418}
		{FB03E265-EB31-3710-90A8-B0C775B91D01} = {FB03E265-EB31-3710-90A8-B0C775B91D01}
	EndProjectSection
EndProject
Project("{8BC9CEB8-8B4A-11D0-8D11-00A0C91BC942}") = "umock_c", "deps\umock-c\umock_c.vcxproj", "{6824078D-21FC-3ECB-A242-48FC10740104}"
	ProjectSection(ProjectDependencies) = postProject
		{B26BB200-DFAD-3083-B941-04FB85387418} = {B26BB200-DFAD-3083-B941-04FB85387418}
	EndProjectSection
EndProject
Project("{8BC9CEB8-8B4A-11D0-8D11-00A0C91BC942}") = "umqtt", "umqtt\umqtt.vcxproj", "{D932112D-C57F-3C04-BF88-BE0B12033E79}"
	ProjectSection(ProjectDependencies) = postProject
		{B26BB200-DFAD-3083-B941-04FB85387418} = {B26BB200-DFAD-3083-B941-04FB85387418}
		{FB03E265-EB31-3710-90A8-B0C775B91D01} = {FB03E265-EB31-3710-90A8-B0C775B91D01}
	EndProjectSection
EndProject
Project("{8BC9CEB8-8B4A-11D0-8D11-00A0C91BC942}") = "utpm", "provisioning_client\deps\utpm\utpm.vcxproj", "{C922364B-A8F6-3E38-A163-748A0E21AAD3}"
	ProjectSection(ProjectDependencies) = postProject
		{B26BB200-DFAD-3083-B941-04FB85387418} = {B26BB200-DFAD-3083-B941-04FB85387418}
		{FB03E265-EB31-3710-90A8-B0C775B91D01} = {FB03E265-EB31-3710-90A8-B0C775B91D01}
	EndProjectSection
EndProject
Global
	GlobalSection(SolutionConfigurationPlatforms) = preSolution
		Debug|x64 = Debug|x64
		Release|x64 = Release|x64
		MinSizeRel|x64 = MinSizeRel|x64
		RelWithDebInfo|x64 = RelWithDebInfo|x64
	EndGlobalSection
	GlobalSection(ProjectConfigurationPlatforms) = postSolution
		{727491B9-2050-3F64-94C7-3BDEB1C32414}.Debug|x64.ActiveCfg = Debug|x64
		{727491B9-2050-3F64-94C7-3BDEB1C32414}.Debug|x64.Build.0 = Debug|x64
		{727491B9-2050-3F64-94C7-3BDEB1C32414}.Release|x64.ActiveCfg = Release|x64
		{727491B9-2050-3F64-94C7-3BDEB1C32414}.Release|x64.Build.0 = Release|x64
		{727491B9-2050-3F64-94C7-3BDEB1C32414}.MinSizeRel|x64.ActiveCfg = MinSizeRel|x64
		{727491B9-2050-3F64-94C7-3BDEB1C32414}.MinSizeRel|x64.Build.0 = MinSizeRel|x64
		{727491B9-2050-3F64-94C7-3BDEB1C32414}.RelWithDebInfo|x64.ActiveCfg = RelWithDebInfo|x64
		{727491B9-2050-3F64-94C7-3BDEB1C32414}.RelWithDebInfo|x64.Build.0 = RelWithDebInfo|x64
		{F3D4C510-EFBA-3A93-BBD7-CECF7C6BEF2D}.Debug|x64.ActiveCfg = Debug|x64
		{F3D4C510-EFBA-3A93-BBD7-CECF7C6BEF2D}.Release|x64.ActiveCfg = Release|x64
		{F3D4C510-EFBA-3A93-BBD7-CECF7C6BEF2D}.MinSizeRel|x64.ActiveCfg = MinSizeRel|x64
		{F3D4C510-EFBA-3A93-BBD7-CECF7C6BEF2D}.RelWithDebInfo|x64.ActiveCfg = RelWithDebInfo|x64
		{BAC8785B-946D-3513-8DAE-5959C7D9A578}.Debug|x64.ActiveCfg = Debug|x64
		{BAC8785B-946D-3513-8DAE-5959C7D9A578}.Release|x64.ActiveCfg = Release|x64
		{BAC8785B-946D-3513-8DAE-5959C7D9A578}.MinSizeRel|x64.ActiveCfg = MinSizeRel|x64
		{BAC8785B-946D-3513-8DAE-5959C7D9A578}.RelWithDebInfo|x64.ActiveCfg = RelWithDebInfo|x64
		{5010CB3C-DBE5-32F6-928F-40053D61E088}.Debug|x64.ActiveCfg = Debug|x64
		{5010CB3C-DBE5-32F6-928F-40053D61E088}.Release|x64.ActiveCfg = Release|x64
		{5010CB3C-DBE5-32F6-928F-40053D61E088}.MinSizeRel|x64.ActiveCfg = MinSizeRel|x64
		{5010CB3C-DBE5-32F6-928F-40053D61E088}.RelWithDebInfo|x64.ActiveCfg = RelWithDebInfo|x64
		{9E5B52BE-D023-3616-BC12-DA3230847B2E}.Debug|x64.ActiveCfg = Debug|x64
		{9E5B52BE-D023-3616-BC12-DA3230847B2E}.Release|x64.ActiveCfg = Release|x64
		{9E5B52BE-D023-3616-BC12-DA3230847B2E}.MinSizeRel|x64.ActiveCfg = MinSizeRel|x64
		{9E5B52BE-D023-3616-BC12-DA3230847B2E}.RelWithDebInfo|x64.ActiveCfg = RelWithDebInfo|x64
		{4318230D-F945-3AF3-9CC1-5D8B521ED59C}.Debug|x64.ActiveCfg = Debug|x64
		{4318230D-F945-3AF3-9CC1-5D8B521ED59C}.Release|x64.ActiveCfg = Release|x64
		{4318230D-F945-3AF3-9CC1-5D8B521ED59C}.MinSizeRel|x64.ActiveCfg = MinSizeRel|x64
		{4318230D-F945-3AF3-9CC1-5D8B521ED59C}.RelWithDebInfo|x64.ActiveCfg = RelWithDebInfo|x64
		{0F0D695A-2E50-32BE-B6F3-F25C3EE7C089}.Debug|x64.ActiveCfg = Debug|x64
		{0F0D695A-2E50-32BE-B6F3-F25C3EE7C089}.Release|x64.ActiveCfg = Release|x64
		{0F0D695A-2E50-32BE-B6F3-F25C3EE7C089}.MinSizeRel|x64.ActiveCfg = MinSizeRel|x64
		{0F0D695A-2E50-32BE-B6F3-F25C3EE7C089}.RelWithDebInfo|x64.ActiveCfg = RelWithDebInfo|x64
		{90412AC4-D6C4-3AE6-8B66-9651A055ED04}.Debug|x64.ActiveCfg = Debug|x64
		{90412AC4-D6C4-3AE6-8B66-9651A055ED04}.Debug|x64.Build.0 = Debug|x64
		{90412AC4-D6C4-3AE6-8B66-9651A055ED04}.Release|x64.ActiveCfg = Release|x64
		{90412AC4-D6C4-3AE6-8B66-9651A055ED04}.Release|x64.Build.0 = Release|x64
		{90412AC4-D6C4-3AE6-8B66-9651A055ED04}.MinSizeRel|x64.ActiveCfg = MinSizeRel|x64
		{90412AC4-D6C4-3AE6-8B66-9651A055ED04}.MinSizeRel|x64.Build.0 = MinSizeRel|x64
		{90412AC4-D6C4-3AE6-8B66-9651A055ED04}.RelWithDebInfo|x64.ActiveCfg = RelWithDebInfo|x64
		{90412AC4-D6C4-3AE6-8B66-9651A055ED04}.RelWithDebInfo|x64.Build.0 = RelWithDebInfo|x64
		{B26BB200-DFAD-3083-B941-04FB85387418}.Debug|x64.ActiveCfg = Debug|x64
		{B26BB200-DFAD-3083-B941-04FB85387418}.Debug|x64.Build.0 = Debug|x64
		{B26BB200-DFAD-3083-B941-04FB85387418}.Release|x64.ActiveCfg = Release|x64
		{B26BB200-DFAD-3083-B941-04FB85387418}.Release|x64.Build.0 = Release|x64
		{B26BB200-DFAD-3083-B941-04FB85387418}.MinSizeRel|x64.ActiveCfg = MinSizeRel|x64
		{B26BB200-DFAD-3083-B941-04FB85387418}.MinSizeRel|x64.Build.0 = MinSizeRel|x64
		{B26BB200-DFAD-3083-B941-04FB85387418}.RelWithDebInfo|x64.ActiveCfg = RelWithDebInfo|x64
		{B26BB200-DFAD-3083-B941-04FB85387418}.RelWithDebInfo|x64.Build.0 = RelWithDebInfo|x64
		{FB03E265-EB31-3710-90A8-B0C775B91D01}.Debug|x64.ActiveCfg = Debug|x64
		{FB03E265-EB31-3710-90A8-B0C775B91D01}.Debug|x64.Build.0 = Debug|x64
		{FB03E265-EB31-3710-90A8-B0C775B91D01}.Release|x64.ActiveCfg = Release|x64
		{FB03E265-EB31-3710-90A8-B0C775B91D01}.Release|x64.Build.0 = Release|x64
		{FB03E265-EB31-3710-90A8-B0C775B91D01}.MinSizeRel|x64.ActiveCfg = MinSizeRel|x64
		{FB03E265-EB31-3710-90A8-B0C775B91D01}.MinSizeRel|x64.Build.0 = MinSizeRel|x64
		{FB03E265-EB31-3710-90A8-B0C775B91D01}.RelWithDebInfo|x64.ActiveCfg = RelWithDebInfo|x64
		{FB03E265-EB31-3710-90A8-B0C775B91D01}.RelWithDebInfo|x64.Build.0 = RelWithDebInfo|x64
		{7E9F7E2A-5BBB-3766-9C98-6D839C6AE6C0}.Debug|x64.ActiveCfg = Debug|x64
		{7E9F7E2A-5BBB-3766-9C98-6D839C6AE6C0}.Debug|x64.Build.0 = Debug|x64
		{7E9F7E2A-5BBB-3766-9C98-6D839C6AE6C0}.Release|x64.ActiveCfg = Release|x64
		{7E9F7E2A-5BBB-3766-9C98-6D839C6AE6C0}.Release|x64.Build.0 = Release|x64
		{7E9F7E2A-5BBB-3766-9C98-6D839C6AE6C0}.MinSizeRel|x64.ActiveCfg = MinSizeRel|x64
		{7E9F7E2A-5BBB-3766-9C98-6D839C6AE6C0}.MinSizeRel|x64.Build.0 = MinSizeRel|x64
		{7E9F7E2A-5BBB-3766-9C98-6D839C6AE6C0}.RelWithDebInfo|x64.ActiveCfg = RelWithDebInfo|x64
		{7E9F7E2A-5BBB-3766-9C98-6D839C6AE6C0}.RelWithDebInfo|x64.Build.0 = RelWithDebInfo|x64
		{1C99D65F-FE21-3539-A5B0-029E7A645010}.Debug|x64.ActiveCfg = Debug|x64
		{1C99D65F-FE21-3539-A5B0-029E7A645010}.Debug|x64.Build.0 = Debug|x64
		{1C99D65F-FE21-3539-A5B0-029E7A645010}.Release|x64.ActiveCfg = Release|x64
		{1C99D65F-FE21-3539-A5B0-029E7A645010}.Release|x64.Build.0 = Release|x64
		{1C99D65F-FE21-3539-A5B0-029E7A645010}.MinSizeRel|x64.ActiveCfg = MinSizeRel|x64
		{1C99D65F-FE21-3539-A5B0-029E7A645010}.MinSizeRel|x64.Build.0 = MinSizeRel|x64
		{1C99D65F-FE21-3539-A5B0-029E7A645010}.RelWithDebInfo|x64.ActiveCfg = RelWithDebInfo|x64
		{1C99D65F-FE21-3539-A5B0-029E7A645010}.RelWithDebInfo|x64.Build.0 = RelWithDebInfo|x64
		{EFF703E9-5048-3EB4-A578-1AE6945D8E1D}.Debug|x64.ActiveCfg = Debug|x64
		{EFF703E9-5048-3EB4-A578-1AE6945D8E1D}.Debug|x64.Build.0 = Debug|x64
		{EFF703E9-5048-3EB4-A578-1AE6945D8E1D}.Release|x64.ActiveCfg = Release|x64
		{EFF703E9-5048-3EB4-A578-1AE6945D8E1D}.Release|x64.Build.0 = Release|x64
		{EFF703E9-5048-3EB4-A578-1AE6945D8E1D}.MinSizeRel|x64.ActiveCfg = MinSizeRel|x64
		{EFF703E9-5048-3EB4-A578-1AE6945D8E1D}.MinSizeRel|x64.Build.0 = MinSizeRel|x64
		{EFF703E9-5048-3EB4-A578-1AE6945D8E1D}.RelWithDebInfo|x64.ActiveCfg = RelWithDebInfo|x64
		{EFF703E9-5048-3EB4-A578-1AE6945D8E1D}.RelWithDebInfo|x64.Build.0 = RelWithDebInfo|x64
		{EFF10BEA-F207-3B82-AA80-67F7F71628FC}.Debug|x64.ActiveCfg = Debug|x64
		{EFF10BEA-F207-3B82-AA80-67F7F71628FC}.Debug|x64.Build.0 = Debug|x64
		{EFF10BEA-F207-3B82-AA80-67F7F71628FC}.Release|x64.ActiveCfg = Release|x64
		{EFF10BEA-F207-3B82-AA80-67F7F71628FC}.Release|x64.Build.0 = Release|x64
		{EFF10BEA-F207-3B82-AA80-67F7F71628FC}.MinSizeRel|x64.ActiveCfg = MinSizeRel|x64
		{EFF10BEA-F207-3B82-AA80-67F7F71628FC}.MinSizeRel|x64.Build.0 = MinSizeRel|x64
		{EFF10BEA-F207-3B82-AA80-67F7F71628FC}.RelWithDebInfo|x64.ActiveCfg = RelWithDebInfo|x64
		{EFF10BEA-F207-3B82-AA80-67F7F71628FC}.RelWithDebInfo|x64.Build.0 = RelWithDebInfo|x64
		{0EA4F7AF-79BE-3A2B-A14C-E255980F85CC}.Debug|x64.ActiveCfg = Debug|x64
		{0EA4F7AF-79BE-3A2B-A14C-E255980F85CC}.Debug|x64.Build.0 = Debug|x64
		{0EA4F7AF-79BE-3A2B-A14C-E255980F85CC}.Release|x64.ActiveCfg = Release|x64
		{0EA4F7AF-79BE-3A2B-A14C-E255980F85CC}.Release|x64.Build.0 = Release|x64
		{0EA4F7AF-79BE-3A2B-A14C-E255980F85CC}.MinSizeRel|x64.ActiveCfg = MinSizeRel|x64
		{0EA4F7AF-79BE-3A2B-A14C-E255980F85CC}.MinSizeRel|x64.Build.0 = MinSizeRel|x64
		{0EA4F7AF-79BE-3A2B-A14C-E255980F85CC}.RelWithDebInfo|x64.ActiveCfg = RelWithDebInfo|x64
		{0EA4F7AF-79BE-3A2B-A14C-E255980F85CC}.RelWithDebInfo|x64.Build.0 = RelWithDebInfo|x64
		{2CAB5142-F479-3BFD-9013-71383F8C91C3}.Debug|x64.ActiveCfg = Debug|x64
		{2CAB5142-F479-3BFD-9013-71383F8C91C3}.Debug|x64.Build.0 = Debug|x64
		{2CAB5142-F479-3BFD-9013-71383F8C91C3}.Release|x64.ActiveCfg = Release|x64
		{2CAB5142-F479-3BFD-9013-71383F8C91C3}.Release|x64.Build.0 = Release|x64
		{2CAB5142-F479-3BFD-9013-71383F8C91C3}.MinSizeRel|x64.ActiveCfg = MinSizeRel|x64
		{2CAB5142-F479-3BFD-9013-71383F8C91C3}.MinSizeRel|x64.Build.0 = MinSizeRel|x64
		{2CAB5142-F479-3BFD-9013-71383F8C91C3}.RelWithDebInfo|x64.ActiveCfg = RelWithDebInfo|x64
		{2CAB5142-F479-3BFD-9013-71383F8C91C3}.RelWithDebInfo|x64.Build.0 = RelWithDebInfo|x64
		{A71B61F0-D69E-39D4-9303-F42A641E3069}.Debug|x64.ActiveCfg = Debug|x64
		{A71B61F0-D69E-39D4-9303-F42A641E3069}.Debug|x64.Build.0 = Debug|x64
		{A71B61F0-D69E-39D4-9303-F42A641E3069}.Release|x64.ActiveCfg = Release|x64
		{A71B61F0-D69E-39D4-9303-F42A641E3069}.Release|x64.Build.0 = Release|x64
		{A71B61F0-D69E-39D4-9303-F42A641E3069}.MinSizeRel|x64.ActiveCfg = MinSizeRel|x64
		{A71B61F0-D69E-39D4-9303-F42A641E3069}.MinSizeRel|x64.Build.0 = MinSizeRel|x64
		{A71B61F0-D69E-39D4-9303-F42A641E3069}.RelWithDebInfo|x64.ActiveCfg = RelWithDebInfo|x64
		{A71B61F0-D69E-39D4-9303-F42A641E3069}.RelWithDebInfo|x64.Build.0 = RelWithDebInfo|x64
		{F5C0CA62-A639-3B84-B54A-4DBE5EE90E0C}.Debug|x64.ActiveCfg = Debug|x64
		{F5C0CA62-A639-3B84-B54A-4DBE5EE90E0C}.Debug|x64.Build.0 = Debug|x64
		{F5C0CA62-A639-3B84-B54A-4DBE5EE90E0C}.Release|x64.ActiveCfg = Release|x64
		{F5C0CA62-A639-3B84-B54A-4DBE5EE90E0C}.Release|x64.Build.0 = Release|x64
		{F5C0CA62-A639-3B84-B54A-4DBE5EE90E0C}.MinSizeRel|x64.ActiveCfg = MinSizeRel|x64
		{F5C0CA62-A639-3B84-B54A-4DBE5EE90E0C}.MinSizeRel|x64.Build.0 = MinSizeRel|x64
		{F5C0CA62-A639-3B84-B54A-4DBE5EE90E0C}.RelWithDebInfo|x64.ActiveCfg = RelWithDebInfo|x64
		{F5C0CA62-A639-3B84-B54A-4DBE5EE90E0C}.RelWithDebInfo|x64.Build.0 = RelWithDebInfo|x64
		{B88E1D24-9624-362D-92A9-1E5999DA6785}.Debug|x64.ActiveCfg = Debug|x64
		{B88E1D24-9624-362D-92A9-1E5999DA6785}.Debug|x64.Build.0 = Debug|x64
		{B88E1D24-9624-362D-92A9-1E5999DA6785}.Release|x64.ActiveCfg = Release|x64
		{B88E1D24-9624-362D-92A9-1E5999DA6785}.Release|x64.Build.0 = Release|x64
		{B88E1D24-9624-362D-92A9-1E5999DA6785}.MinSizeRel|x64.ActiveCfg = MinSizeRel|x64
		{B88E1D24-9624-362D-92A9-1E5999DA6785}.MinSizeRel|x64.Build.0 = MinSizeRel|x64
		{B88E1D24-9624-362D-92A9-1E5999DA6785}.RelWithDebInfo|x64.ActiveCfg = RelWithDebInfo|x64
		{B88E1D24-9624-362D-92A9-1E5999DA6785}.RelWithDebInfo|x64.Build.0 = RelWithDebInfo|x64
		{9ECA46DB-3A38-39C1-A4B3-B1208CB837F3}.Debug|x64.ActiveCfg = Debug|x64
		{9ECA46DB-3A38-39C1-A4B3-B1208CB837F3}.Debug|x64.Build.0 = Debug|x64
		{9ECA46DB-3A38-39C1-A4B3-B1208CB837F3}.Release|x64.ActiveCfg = Release|x64
		{9ECA46DB-3A38-39C1-A4B3-B1208CB837F3}.Release|x64.Build.0 = Release|x64
		{9ECA46DB-3A38-39C1-A4B3-B1208CB837F3}.MinSizeRel|x64.ActiveCfg = MinSizeRel|x64
		{9ECA46DB-3A38-39C1-A4B3-B1208CB837F3}.MinSizeRel|x64.Build.0 = MinSizeRel|x64
		{9ECA46DB-3A38-39C1-A4B3-B1208CB837F3}.RelWithDebInfo|x64.ActiveCfg = RelWithDebInfo|x64
		{9ECA46DB-3A38-39C1-A4B3-B1208CB837F3}.RelWithDebInfo|x64.Build.0 = RelWithDebInfo|x64
		{473C9F4E-3CA2-37EA-A674-B4E542D240A8}.Debug|x64.ActiveCfg = Debug|x64
		{473C9F4E-3CA2-37EA-A674-B4E542D240A8}.Debug|x64.Build.0 = Debug|x64
		{473C9F4E-3CA2-37EA-A674-B4E542D240A8}.Release|x64.ActiveCfg = Release|x64
		{473C9F4E-3CA2-37EA-A674-B4E542D240A8}.Release|x64.Build.0 = Release|x64
		{473C9F4E-3CA2-37EA-A674-B4E542D240A8}.MinSizeRel|x64.ActiveCfg = MinSizeRel|x64
		{473C9F4E-3CA2-37EA-A674-B4E542D240A8}.MinSizeRel|x64.Build.0 = MinSizeRel|x64
		{473C9F4E-3CA2-37EA-A674-B4E542D240A8}.RelWithDebInfo|x64.ActiveCfg = RelWithDebInfo|x64
		{473C9F4E-3CA2-37EA-A674-B4E542D240A8}.RelWithDebInfo|x64.Build.0 = RelWithDebInfo|x64
		{B71035C3-41D0-338B-BEF9-3F7F113FF9AC}.Debug|x64.ActiveCfg = Debug|x64
		{B71035C3-41D0-338B-BEF9-3F7F113FF9AC}.Debug|x64.Build.0 = Debug|x64
		{B71035C3-41D0-338B-BEF9-3F7F113FF9AC}.Release|x64.ActiveCfg = Release|x64
		{B71035C3-41D0-338B-BEF9-3F7F113FF9AC}.Release|x64.Build.0 = Release|x64
		{B71035C3-41D0-338B-BEF9-3F7F113FF9AC}.MinSizeRel|x64.ActiveCfg = MinSizeRel|x64
		{B71035C3-41D0-338B-BEF9-3F7F113FF9AC}.MinSizeRel|x64.Build.0 = MinSizeRel|x64
		{B71035C3-41D0-338B-BEF9-3F7F113FF9AC}.RelWithDebInfo|x64.ActiveCfg = RelWithDebInfo|x64
		{B71035C3-41D0-338B-BEF9-3F7F113FF9AC}.RelWithDebInfo|x64.Build.0 = RelWithDebInfo|x64
		{C018F551-4F43-353E-B5BA-02229D6D8AF8}.Debug|x64.ActiveCfg = Debug|x64
		{C018F551-4F43-353E-B5BA-02229D6D8AF8}.Debug|x64.Build.0 = Debug|x64
		{C018F551-4F43-353E-B5BA-02229D6D8AF8}.Release|x64.ActiveCfg = Release|x64
		{C018F551-4F43-353E-B5BA-02229D6D8AF8}.Release|x64.Build.0 = Release|x64
		{C018F551-4F43-353E-B5BA-02229D6D8AF8}.MinSizeRel|x64.ActiveCfg = MinSizeRel|x64
		{C018F551-4F43-353E-B5BA-02229D6D8AF8}.MinSizeRel|x64.Build.0 = MinSizeRel|x64
		{C018F551-4F43-353E-B5BA-02229D6D8AF8}.RelWithDebInfo|x64.ActiveCfg = RelWithDebInfo|x64
		{C018F551-4F43-353E-B5BA-02229D6D8AF8}.RelWithDebInfo|x64.Build.0 = RelWithDebInfo|x64
		{AD574BB2-532C-3C96-ACA6-FB90F3028AD1}.Debug|x64.ActiveCfg = Debug|x64
		{AD574BB2-532C-3C96-ACA6-FB90F3028AD1}.Debug|x64.Build.0 = Debug|x64
		{AD574BB2-532C-3C96-ACA6-FB90F3028AD1}.Release|x64.ActiveCfg = Release|x64
		{AD574BB2-532C-3C96-ACA6-FB90F3028AD1}.Release|x64.Build.0 = Release|x64
		{AD574BB2-532C-3C96-ACA6-FB90F3028AD1}.MinSizeRel|x64.ActiveCfg = MinSizeRel|x64
		{AD574BB2-532C-3C96-ACA6-FB90F3028AD1}.MinSizeRel|x64.Build.0 = MinSizeRel|x64
		{AD574BB2-532C-3C96-ACA6-FB90F3028AD1}.RelWithDebInfo|x64.ActiveCfg = RelWithDebInfo|x64
		{AD574BB2-532C-3C96-ACA6-FB90F3028AD1}.RelWithDebInfo|x64.Build.0 = RelWithDebInfo|x64
		{6DD310ED-BAF2-3446-9C59-59688B2B070E}.Debug|x64.ActiveCfg = Debug|x64
		{6DD310ED-BAF2-3446-9C59-59688B2B070E}.Debug|x64.Build.0 = Debug|x64
		{6DD310ED-BAF2-3446-9C59-59688B2B070E}.Release|x64.ActiveCfg = Release|x64
		{6DD310ED-BAF2-3446-9C59-59688B2B070E}.Release|x64.Build.0 = Release|x64
		{6DD310ED-BAF2-3446-9C59-59688B2B070E}.MinSizeRel|x64.ActiveCfg = MinSizeRel|x64
		{6DD310ED-BAF2-3446-9C59-59688B2B070E}.MinSizeRel|x64.Build.0 = MinSizeRel|x64
		{6DD310ED-BAF2-3446-9C59-59688B2B070E}.RelWithDebInfo|x64.ActiveCfg = RelWithDebInfo|x64
		{6DD310ED-BAF2-3446-9C59-59688B2B070E}.RelWithDebInfo|x64.Build.0 = RelWithDebInfo|x64
		{DEB0C049-FD4E-3922-9977-B97F6C947AFF}.Debug|x64.ActiveCfg = Debug|x64
		{DEB0C049-FD4E-3922-9977-B97F6C947AFF}.Debug|x64.Build.0 = Debug|x64
		{DEB0C049-FD4E-3922-9977-B97F6C947AFF}.Release|x64.ActiveCfg = Release|x64
		{DEB0C049-FD4E-3922-9977-B97F6C947AFF}.Release|x64.Build.0 = Release|x64
		{DEB0C049-FD4E-3922-9977-B97F6C947AFF}.MinSizeRel|x64.ActiveCfg = MinSizeRel|x64
		{DEB0C049-FD4E-3922-9977-B97F6C947AFF}.MinSizeRel|x64.Build.0 = MinSizeRel|x64
		{DEB0C049-FD4E-3922-9977-B97F6C947AFF}.RelWithDebInfo|x64.ActiveCfg = RelWithDebInfo|x64
		{DEB0C049-FD4E-3922-9977-B97F6C947AFF}.RelWithDebInfo|x64.Build.0 = RelWithDebInfo|x64
		{6BC33442-DD07-3F52-A84B-0551C15BE0FA}.Debug|x64.ActiveCfg = Debug|x64
		{6BC33442-DD07-3F52-A84B-0551C15BE0FA}.Debug|x64.Build.0 = Debug|x64
		{6BC33442-DD07-3F52-A84B-0551C15BE0FA}.Release|x64.ActiveCfg = Release|x64
		{6BC33442-DD07-3F52-A84B-0551C15BE0FA}.Release|x64.Build.0 = Release|x64
		{6BC33442-DD07-3F52-A84B-0551C15BE0FA}.MinSizeRel|x64.ActiveCfg = MinSizeRel|x64
		{6BC33442-DD07-3F52-A84B-0551C15BE0FA}.MinSizeRel|x64.Build.0 = MinSizeRel|x64
		{6BC33442-DD07-3F52-A84B-0551C15BE0FA}.RelWithDebInfo|x64.ActiveCfg = RelWithDebInfo|x64
		{6BC33442-DD07-3F52-A84B-0551C15BE0FA}.RelWithDebInfo|x64.Build.0 = RelWithDebInfo|x64
		{D06E10D3-C0E0-37B6-A656-AD6FA8F53A73}.Debug|x64.ActiveCfg = Debug|x64
		{D06E10D3-C0E0-37B6-A656-AD6FA8F53A73}.Debug|x64.Build.0 = Debug|x64
		{D06E10D3-C0E0-37B6-A656-AD6FA8F53A73}.Release|x64.ActiveCfg = Release|x64
		{D06E10D3-C0E0-37B6-A656-AD6FA8F53A73}.Release|x64.Build.0 = Release|x64
		{D06E10D3-C0E0-37B6-A656-AD6FA8F53A73}.MinSizeRel|x64.ActiveCfg = MinSizeRel|x64
		{D06E10D3-C0E0-37B6-A656-AD6FA8F53A73}.MinSizeRel|x64.Build.0 = MinSizeRel|x64
		{D06E10D3-C0E0-37B6-A656-AD6FA8F53A73}.RelWithDebInfo|x64.ActiveCfg = RelWithDebInfo|x64
		{D06E10D3-C0E0-37B6-A656-AD6FA8F53A73}.RelWithDebInfo|x64.Build.0 = RelWithDebInfo|x64
		{95E35AF0-ADE5-3178-91F5-7C1337C55B2D}.Debug|x64.ActiveCfg = Debug|x64
		{95E35AF0-ADE5-3178-91F5-7C1337C55B2D}.Debug|x64.Build.0 = Debug|x64
		{95E35AF0-ADE5-3178-91F5-7C1337C55B2D}.Release|x64.ActiveCfg = Release|x64
		{95E35AF0-ADE5-3178-91F5-7C1337C55B2D}.Release|x64.Build.0 = Release|x64
		{95E35AF0-ADE5-3178-91F5-7C1337C55B2D}.MinSizeRel|x64.ActiveCfg = MinSizeRel|x64
		{95E35AF0-ADE5-3178-91F5-7C1337C55B2D}.MinSizeRel|x64.Build.0 = MinSizeRel|x64
		{95E35AF0-ADE5-3178-91F5-7C1337C55B2D}.RelWithDebInfo|x64.ActiveCfg = RelWithDebInfo|x64
		{95E35AF0-ADE5-3178-91F5-7C1337C55B2D}.RelWithDebInfo|x64.Build.0 = RelWithDebInfo|x64
		{8DDBA790-9BF5-3C9C-972B-FBFF2CA1F825}.Debug|x64.ActiveCfg = Debug|x64
		{8DDBA790-9BF5-3C9C-972B-FBFF2CA1F825}.Debug|x64.Build.0 = Debug|x64
		{8DDBA790-9BF5-3C9C-972B-FBFF2CA1F825}.Release|x64.ActiveCfg = Release|x64
		{8DDBA790-9BF5-3C9C-972B-FBFF2CA1F825}.Release|x64.Build.0 = Release|x64
		{8DDBA790-9BF5-3C9C-972B-FBFF2CA1F825}.MinSizeRel|x64.ActiveCfg = MinSizeRel|x64
		{8DDBA790-9BF5-3C9C-972B-FBFF2CA1F825}.MinSizeRel|x64.Build.0 = MinSizeRel|x64
		{8DDBA790-9BF5-3C9C-972B-FBFF2CA1F825}.RelWithDebInfo|x64.ActiveCfg = RelWithDebInfo|x64
		{8DDBA790-9BF5-3C9C-972B-FBFF2CA1F825}.RelWithDebInfo|x64.Build.0 = RelWithDebInfo|x64
		{8507EEB1-85F1-36D5-AFE2-5B9A5ACAF905}.Debug|x64.ActiveCfg = Debug|x64
		{8507EEB1-85F1-36D5-AFE2-5B9A5ACAF905}.Debug|x64.Build.0 = Debug|x64
		{8507EEB1-85F1-36D5-AFE2-5B9A5ACAF905}.Release|x64.ActiveCfg = Release|x64
		{8507EEB1-85F1-36D5-AFE2-5B9A5ACAF905}.Release|x64.Build.0 = Release|x64
		{8507EEB1-85F1-36D5-AFE2-5B9A5ACAF905}.MinSizeRel|x64.ActiveCfg = MinSizeRel|x64
		{8507EEB1-85F1-36D5-AFE2-5B9A5ACAF905}.MinSizeRel|x64.Build.0 = MinSizeRel|x64
		{8507EEB1-85F1-36D5-AFE2-5B9A5ACAF905}.RelWithDebInfo|x64.ActiveCfg = RelWithDebInfo|x64
		{8507EEB1-85F1-36D5-AFE2-5B9A5ACAF905}.RelWithDebInfo|x64.Build.0 = RelWithDebInfo|x64
		{5FE30B86-2B3D-34F0-B62B-0B6DF66A19AA}.Debug|x64.ActiveCfg = Debug|x64
		{5FE30B86-2B3D-34F0-B62B-0B6DF66A19AA}.Debug|x64.Build.0 = Debug|x64
		{5FE30B86-2B3D-34F0-B62B-0B6DF66A19AA}.Release|x64.ActiveCfg = Release|x64
		{5FE30B86-2B3D-34F0-B62B-0B6DF66A19AA}.Release|x64.Build.0 = Release|x64
		{5FE30B86-2B3D-34F0-B62B-0B6DF66A19AA}.MinSizeRel|x64.ActiveCfg = MinSizeRel|x64
		{5FE30B86-2B3D-34F0-B62B-0B6DF66A19AA}.MinSizeRel|x64.Build.0 = MinSizeRel|x64
		{5FE30B86-2B3D-34F0-B62B-0B6DF66A19AA}.RelWithDebInfo|x64.ActiveCfg = RelWithDebInfo|x64
		{5FE30B86-2B3D-34F0-B62B-0B6DF66A19AA}.RelWithDebInfo|x64.Build.0 = RelWithDebInfo|x64
		{16B0EE0F-1C0D-3417-9C53-815E08532C0E}.Debug|x64.ActiveCfg = Debug|x64
		{16B0EE0F-1C0D-3417-9C53-815E08532C0E}.Debug|x64.Build.0 = Debug|x64
		{16B0EE0F-1C0D-3417-9C53-815E08532C0E}.Release|x64.ActiveCfg = Release|x64
		{16B0EE0F-1C0D-3417-9C53-815E08532C0E}.Release|x64.Build.0 = Release|x64
		{16B0EE0F-1C0D-3417-9C53-815E08532C0E}.MinSizeRel|x64.ActiveCfg = MinSizeRel|x64
		{16B0EE0F-1C0D-3417-9C53-815E08532C0E}.MinSizeRel|x64.Build.0 = MinSizeRel|x64
		{16B0EE0F-1C0D-3417-9C53-815E08532C0E}.RelWithDebInfo|x64.ActiveCfg = RelWithDebInfo|x64
		{16B0EE0F-1C0D-3417-9C53-815E08532C0E}.RelWithDebInfo|x64.Build.0 = RelWithDebInfo|x64
		{6824078D-21FC-3ECB-A242-48FC10740104}.Debug|x64.ActiveCfg = Debug|x64
		{6824078D-21FC-3ECB-A242-48FC10740104}.Debug|x64.Build.0 = Debug|x64
		{6824078D-21FC-3ECB-A242-48FC10740104}.Release|x64.ActiveCfg = Release|x64
		{6824078D-21FC-3ECB-A242-48FC10740104}.Release|x64.Build.0 = Release|x64
		{6824078D-21FC-3ECB-A242-48FC10740104}.MinSizeRel|x64.ActiveCfg = MinSizeRel|x64
		{6824078D-21FC-3ECB-A242-48FC10740104}.MinSizeRel|x64.Build.0 = MinSizeRel|x64
		{6824078D-21FC-3ECB-A242-48FC10740104}.RelWithDebInfo|x64.ActiveCfg = RelWithDebInfo|x64
		{6824078D-21FC-3ECB-A242-48FC10740104}.RelWithDebInfo|x64.Build.0 = RelWithDebInfo|x64
		{D932112D-C57F-3C04-BF88-BE0B12033E79}.Debug|x64.ActiveCfg = Debug|x64
		{D932112D-C57F-3C04-BF88-BE0B12033E79}.Debug|x64.Build.0 = Debug|x64
		{D932112D-C57F-3C04-BF88-BE0B12033E79}.Release|x64.ActiveCfg = Release|x64
		{D932112D-C57F-3C04-BF88-BE0B12033E79}.Release|x64.Build.0 = Release|x64
		{D932112D-C57F-3C04-BF88-BE0B12033E79}.MinSizeRel|x64.ActiveCfg = MinSizeRel|x64
		{D932112D-C57F-3C04-BF88-BE0B12033E79}.MinSizeRel|x64.Build.0 = MinSizeRel|x64
		{D932112D-C57F-3C04-BF88-BE0B12033E79}.RelWithDebInfo|x64.ActiveCfg = RelWithDebInfo|x64
		{D932112D-C57F-3C04-BF88-BE0B12033E79}.RelWithDebInfo|x64.Build.0 = RelWithDebInfo|x64
		{C922364B-A8F6-3E38-A163-748A0E21AAD3}.Debug|x64.ActiveCfg = Debug|x64
		{C922364B-A8F6-3E38-A163-748A0E21AAD3}.Debug|x64.Build.0 = Debug|x64
		{C922364B-A8F6-3E38-A163-748A0E21AAD3}.Release|x64.ActiveCfg = Release|x64
		{C922364B-A8F6-3E38-A163-748A0E21AAD3}.Release|x64.Build.0 = Release|x64
		{C922364B-A8F6-3E38-A163-748A0E21AAD3}.MinSizeRel|x64.ActiveCfg = MinSizeRel|x64
		{C922364B-A8F6-3E38-A163-748A0E21AAD3}.MinSizeRel|x64.Build.0 = MinSizeRel|x64
		{C922364B-A8F6-3E38-A163-748A0E21AAD3}.RelWithDebInfo|x64.ActiveCfg = RelWithDebInfo|x64
		{C922364B-A8F6-3E38-A163-748A0E21AAD3}.RelWithDebInfo|x64.Build.0 = RelWithDebInfo|x64
	EndGlobalSection
	GlobalSection(NestedProjects) = preSolution
		{727491B9-2050-3F64-94C7-3BDEB1C32414} = {E8AA63A8-EF19-3162-B448-1F148E2874DA}
		{5010CB3C-DBE5-32F6-928F-40053D61E088} = {E8AA63A8-EF19-3162-B448-1F148E2874DA}
		{0F0D695A-2E50-32BE-B6F3-F25C3EE7C089} = {E8AA63A8-EF19-3162-B448-1F148E2874DA}
		{B26BB200-DFAD-3083-B941-04FB85387418} = {E8AA63A8-EF19-3162-B448-1F148E2874DA}
		{F3D4C510-EFBA-3A93-BBD7-CECF7C6BEF2D} = {95784629-8C09-3423-BFCD-9160467B2531}
		{BAC8785B-946D-3513-8DAE-5959C7D9A578} = {95784629-8C09-3423-BFCD-9160467B2531}
		{9E5B52BE-D023-3616-BC12-DA3230847B2E} = {95784629-8C09-3423-BFCD-9160467B2531}
		{4318230D-F945-3AF3-9CC1-5D8B521ED59C} = {95784629-8C09-3423-BFCD-9160467B2531}
		{6824078D-21FC-3ECB-A242-48FC10740104} = {6DBE7A41-9961-3CF5-A275-1BFAC3F9C4C5}
	EndGlobalSection
	GlobalSection(ExtensibilityGlobals) = postSolution
		SolutionGuid = {A77BE38C-ABCC-3D2B-808E-9FB8AD91424A}
	EndGlobalSection
	GlobalSection(ExtensibilityAddIns) = postSolution
	EndGlobalSection
EndGlobal
