<?xml version="1.0" encoding="utf-8"?>
<Project ToolsVersion="16.0" xmlns="http://schemas.microsoft.com/developer/msbuild/2003">
  <ItemGroup>
    <ClCompile Include="D:\azure-iot-sdk-c\serializer\src\agenttypesystem.c">
      <Filter>Source Files</Filter>
    </ClCompile>
    <ClCompile Include="D:\azure-iot-sdk-c\serializer\src\codefirst.c">
      <Filter>Source Files</Filter>
    </ClCompile>
    <ClCompile Include="D:\azure-iot-sdk-c\serializer\src\commanddecoder.c">
      <Filter>Source Files</Filter>
    </ClCompile>
    <ClCompile Include="D:\azure-iot-sdk-c\serializer\src\datamarshaller.c">
      <Filter>Source Files</Filter>
    </ClCompile>
    <ClCompile Include="D:\azure-iot-sdk-c\serializer\src\datapublisher.c">
      <Filter>Source Files</Filter>
    </ClCompile>
    <ClCompile Include="D:\azure-iot-sdk-c\serializer\src\dataserializer.c">
      <Filter>Source Files</Filter>
    </ClCompile>
    <ClCompile Include="D:\azure-iot-sdk-c\serializer\src\iotdevice.c">
      <Filter>Source Files</Filter>
    </ClCompile>
    <ClCompile Include="D:\azure-iot-sdk-c\serializer\src\jsondecoder.c">
      <Filter>Source Files</Filter>
    </ClCompile>
    <ClCompile Include="D:\azure-iot-sdk-c\serializer\src\jsonencoder.c">
      <Filter>Source Files</Filter>
    </ClCompile>
    <ClCompile Include="D:\azure-iot-sdk-c\serializer\src\multitree.c">
      <Filter>Source Files</Filter>
    </ClCompile>
    <ClCompile Include="D:\azure-iot-sdk-c\serializer\src\schema.c">
      <Filter>Source Files</Filter>
    </ClCompile>
    <ClCompile Include="D:\azure-iot-sdk-c\serializer\src\schemalib.c">
      <Filter>Source Files</Filter>
    </ClCompile>
    <ClCompile Include="D:\azure-iot-sdk-c\serializer\src\schemaserializer.c">
      <Filter>Source Files</Filter>
    </ClCompile>
    <ClCompile Include="D:\azure-iot-sdk-c\serializer\src\methodreturn.c">
      <Filter>Source Files</Filter>
    </ClCompile>
  </ItemGroup>
  <ItemGroup>
    <ClInclude Include="D:\azure-iot-sdk-c\serializer\inc\agenttypesystem.h">
      <Filter>Header Files</Filter>
    </ClInclude>
    <ClInclude Include="D:\azure-iot-sdk-c\serializer\inc\codefirst.h">
      <Filter>Header Files</Filter>
    </ClInclude>
    <ClInclude Include="D:\azure-iot-sdk-c\serializer\inc\commanddecoder.h">
      <Filter>Header Files</Filter>
    </ClInclude>
    <ClInclude Include="D:\azure-iot-sdk-c\serializer\inc\datamarshaller.h">
      <Filter>Header Files</Filter>
    </ClInclude>
    <ClInclude Include="D:\azure-iot-sdk-c\serializer\inc\datapublisher.h">
      <Filter>Header Files</Filter>
    </ClInclude>
    <ClInclude Include="D:\azure-iot-sdk-c\serializer\inc\dataserializer.h">
      <Filter>Header Files</Filter>
    </ClInclude>
    <ClInclude Include="D:\azure-iot-sdk-c\serializer\inc\iotdevice.h">
      <Filter>Header Files</Filter>
    </ClInclude>
    <ClInclude Include="D:\azure-iot-sdk-c\serializer\inc\jsondecoder.h">
      <Filter>Header Files</Filter>
    </ClInclude>
    <ClInclude Include="D:\azure-iot-sdk-c\serializer\inc\jsonencoder.h">
      <Filter>Header Files</Filter>
    </ClInclude>
    <ClInclude Include="D:\azure-iot-sdk-c\serializer\inc\multitree.h">
      <Filter>Header Files</Filter>
    </ClInclude>
    <ClInclude Include="D:\azure-iot-sdk-c\serializer\inc\schema.h">
      <Filter>Header Files</Filter>
    </ClInclude>
    <ClInclude Include="D:\azure-iot-sdk-c\serializer\inc\schemalib.h">
      <Filter>Header Files</Filter>
    </ClInclude>
    <ClInclude Include="D:\azure-iot-sdk-c\serializer\inc\schemaserializer.h">
      <Filter>Header Files</Filter>
    </ClInclude>
    <ClInclude Include="D:\azure-iot-sdk-c\serializer\inc\serializer.h">
      <Filter>Header Files</Filter>
    </ClInclude>
    <ClInclude Include="D:\azure-iot-sdk-c\serializer\inc\serializer_devicetwin.h">
      <Filter>Header Files</Filter>
    </ClInclude>
    <ClInclude Include="D:\azure-iot-sdk-c\serializer\inc\methodreturn.h">
      <Filter>Header Files</Filter>
    </ClInclude>
  </ItemGroup>
  <ItemGroup>
    <CustomBuild Include="D:\azure-iot-sdk-c\serializer\CMakeLists.txt" />
  </ItemGroup>
  <ItemGroup>
    <None Include="D:\azure-iot-sdk-c\serializer\src\makefile" />
  </ItemGroup>
  <ItemGroup>
    <Filter Include="Header Files">
      <UniqueIdentifier>{A895157F-76AE-3C18-AE9A-036B17B2667B}</UniqueIdentifier>
    </Filter>
    <Filter Include="Source Files">
      <UniqueIdentifier>{194CFB88-362B-37E7-8150-6A32310E6A2D}</UniqueIdentifier>
    </Filter>
  </ItemGroup>
</Project>
