<?xml version="1.0" encoding="utf-8"?>
<Project ToolsVersion="16.0" xmlns="http://schemas.microsoft.com/developer/msbuild/2003">
  <ItemGroup>
    <ClCompile Include="D:\azure-iot-sdk-c\provisioning_client\adapters\hsm_client_data.c">
      <Filter>Source Files</Filter>
    </ClCompile>
    <ClCompile Include="D:\azure-iot-sdk-c\provisioning_client\adapters\hsm_client_riot.c">
      <Filter>Source Files</Filter>
    </ClCompile>
    <ClCompile Include="D:\azure-iot-sdk-c\provisioning_client\adapters\hsm_client_tpm.c">
      <Filter>Source Files</Filter>
    </ClCompile>
    <ClCompile Include="D:\azure-iot-sdk-c\provisioning_client\adapters\hsm_client_key.c">
      <Filter>Source Files</Filter>
    </ClCompile>
  </ItemGroup>
  <ItemGroup>
    <ClInclude Include="D:\azure-iot-sdk-c\provisioning_client\adapters\hsm_client_data.h">
      <Filter>Header Files</Filter>
    </ClInclude>
    <ClInclude Include="D:\azure-iot-sdk-c\provisioning_client\adapters\hsm_client_riot.h">
      <Filter>Header Files</Filter>
    </ClInclude>
    <ClInclude Include="D:\azure-iot-sdk-c\provisioning_client\adapters\hsm_client_tpm.h">
      <Filter>Header Files</Filter>
    </ClInclude>
    <ClInclude Include="D:\azure-iot-sdk-c\provisioning_client\adapters\hsm_client_key.h">
      <Filter>Header Files</Filter>
    </ClInclude>
  </ItemGroup>
  <ItemGroup>
    <CustomBuild Include="D:\azure-iot-sdk-c\provisioning_client\CMakeLists.txt" />
  </ItemGroup>
  <ItemGroup>
    <Filter Include="Header Files">
      <UniqueIdentifier>{A895157F-76AE-3C18-AE9A-036B17B2667B}</UniqueIdentifier>
    </Filter>
    <Filter Include="Source Files">
      <UniqueIdentifier>{194CFB88-362B-37E7-8150-6A32310E6A2D}</UniqueIdentifier>
    </Filter>
  </ItemGroup>
</Project>
