<?xml version="1.0" encoding="utf-8"?>
<Project ToolsVersion="16.0" xmlns="http://schemas.microsoft.com/developer/msbuild/2003">
  <ItemGroup>
    <ClCompile Include="D:\azure-iot-sdk-c\digitaltwin_client\src\dt_lock_thread_binding_impl.c">
      <Filter>Source Files</Filter>
    </ClCompile>
    <ClCompile Include="D:\azure-iot-sdk-c\digitaltwin_client\src\dt_lock_thread_binding_stub.c">
      <Filter>Source Files</Filter>
    </ClCompile>
    <ClCompile Include="D:\azure-iot-sdk-c\digitaltwin_client\src\dt_client_core.c">
      <Filter>Source Files</Filter>
    </ClCompile>
    <ClCompile Include="D:\azure-iot-sdk-c\digitaltwin_client\src\dt_device.c">
      <Filter>Source Files</Filter>
    </ClCompile>
    <ClCompile Include="D:\azure-iot-sdk-c\digitaltwin_client\src\dt_device_ll.c">
      <Filter>Source Files</Filter>
    </ClCompile>
    <ClCompile Include="D:\azure-iot-sdk-c\digitaltwin_client\src\dt_interface_client.c">
      <Filter>Source Files</Filter>
    </ClCompile>
    <ClCompile Include="D:\azure-iot-sdk-c\digitaltwin_client\src\dt_interface_list.c">
      <Filter>Source Files</Filter>
    </ClCompile>
    <ClCompile Include="D:\azure-iot-sdk-c\digitaltwin_client\src\dt_model_definition.c">
      <Filter>Source Files</Filter>
    </ClCompile>
    <ClCompile Include="D:\azure-iot-sdk-c\digitaltwin_client\src\dt_version.c">
      <Filter>Source Files</Filter>
    </ClCompile>
  </ItemGroup>
  <ItemGroup>
    <ClInclude Include="D:\azure-iot-sdk-c\digitaltwin_client\inc\digitaltwin_client_common.h">
      <Filter>Header Files</Filter>
    </ClInclude>
    <ClInclude Include="D:\azure-iot-sdk-c\digitaltwin_client\inc\digitaltwin_client_version.h">
      <Filter>Header Files</Filter>
    </ClInclude>
    <ClInclude Include="D:\azure-iot-sdk-c\digitaltwin_client\inc\digitaltwin_device_client.h">
      <Filter>Header Files</Filter>
    </ClInclude>
    <ClInclude Include="D:\azure-iot-sdk-c\digitaltwin_client\inc\digitaltwin_device_client_ll.h">
      <Filter>Header Files</Filter>
    </ClInclude>
    <ClInclude Include="D:\azure-iot-sdk-c\digitaltwin_client\inc\digitaltwin_interface_client.h">
      <Filter>Header Files</Filter>
    </ClInclude>
    <ClInclude Include="D:\azure-iot-sdk-c\digitaltwin_client\inc\digitaltwin_model_definition.h">
      <Filter>Header Files</Filter>
    </ClInclude>
    <ClInclude Include="D:\azure-iot-sdk-c\digitaltwin_client\inc\internal\dt_interface_private.h">
      <Filter>Header Files</Filter>
    </ClInclude>
    <ClInclude Include="D:\azure-iot-sdk-c\digitaltwin_client\inc\internal\dt_interface_list.h">
      <Filter>Header Files</Filter>
    </ClInclude>
    <ClInclude Include="D:\azure-iot-sdk-c\digitaltwin_client\inc\internal\dt_lock_thread_binding.h">
      <Filter>Header Files</Filter>
    </ClInclude>
    <ClInclude Include="D:\azure-iot-sdk-c\digitaltwin_client\inc\internal\dt_lock_thread_binding_impl.h">
      <Filter>Header Files</Filter>
    </ClInclude>
    <ClInclude Include="D:\azure-iot-sdk-c\digitaltwin_client\inc\internal\dt_lock_thread_binding_stub.h">
      <Filter>Header Files</Filter>
    </ClInclude>
    <ClInclude Include="D:\azure-iot-sdk-c\digitaltwin_client\inc\internal\dt_raw_interface.h">
      <Filter>Header Files</Filter>
    </ClInclude>
  </ItemGroup>
  <ItemGroup>
    <CustomBuild Include="D:\azure-iot-sdk-c\digitaltwin_client\CMakeLists.txt" />
  </ItemGroup>
  <ItemGroup>
    <Filter Include="Header Files">
      <UniqueIdentifier>{A895157F-76AE-3C18-AE9A-036B17B2667B}</UniqueIdentifier>
    </Filter>
    <Filter Include="Source Files">
      <UniqueIdentifier>{194CFB88-362B-37E7-8150-6A32310E6A2D}</UniqueIdentifier>
    </Filter>
  </ItemGroup>
</Project>
